PATH
  remote: ../
  specs:
    activerecord-mysql-sql-cache (0.0.1)
      activerecord (>= 3.2)
      arel (>= 3.0)

GEM
  remote: https://rubygems.org/
  specs:
    activemodel (3.2.21)
      activesupport (= 3.2.21)
      builder (~> 3.0.0)
    activerecord (3.2.21)
      activemodel (= 3.2.21)
      activesupport (= 3.2.21)
      arel (~> 3.0.2)
      tzinfo (~> 0.3.29)
    activesupport (3.2.21)
      i18n (~> 0.6, >= 0.6.4)
      multi_json (~> 1.0)
    appraisal (2.0.1)
      activesupport (>= 3.2.21)
      bundler
      rake
      thor (>= 0.14.0)
    arel (3.0.3)
    arproxy (0.1.3)
      activerecord (>= 3.0.0)
    builder (3.0.4)
    diff-lcs (1.2.5)
    foreman (0.78.0)
      thor (~> 0.19.1)
    i18n (0.7.0)
    multi_json (1.11.0)
    mysql2 (0.3.18)
    rake (10.4.2)
    rspec (3.2.0)
      rspec-core (~> 3.2.0)
      rspec-expectations (~> 3.2.0)
      rspec-mocks (~> 3.2.0)
    rspec-core (3.2.3)
      rspec-support (~> 3.2.0)
    rspec-expectations (3.2.1)
      diff-lcs (>= 1.2.0, < 2.0)
      rspec-support (~> 3.2.0)
    rspec-mocks (3.2.1)
      diff-lcs (>= 1.2.0, < 2.0)
      rspec-support (~> 3.2.0)
    rspec-support (3.2.2)
    thor (0.19.1)
    tzinfo (0.3.43)

PLATFORMS
  ruby

DEPENDENCIES
  activerecord (~> 3.2.0)
  activerecord-mysql-sql-cache!
  appraisal
  arproxy
  bundler (~> 1.7)
  foreman
  mysql2
  rake (~> 10.0)
  rspec
